
Microsoft Visual Studio Solution File, Format Version 12.00
# Visual Studio Version 17
VisualStudioVersion = 17.7.34018.315
MinimumVisualStudioVersion = 10.0.40219.1
Project("{FAE04EC0-301F-11D3-BF4B-00C04F79EFBC}") = "ex4", "ex4.csproj", "{122158B3-0996-4821-A76A-7A253FB3F237}"
EndProject
Global
	GlobalSection(SolutionConfigurationPlatforms) = preSolution
		Debug|Any CPU = Debug|Any CPU
		Release|Any CPU = Release|Any CPU
	EndGlobalSection
	GlobalSection(ProjectConfigurationPlatforms) = postSolution
		{122158B3-0996-4821-A76A-7A253FB3F237}.Debug|Any CPU.ActiveCfg = Debug|Any CPU
		{122158B3-0996-4821-A76A-7A253FB3F237}.Debug|Any CPU.Build.0 = Debug|Any CPU
		{122158B3-0996-4821-A76A-7A253FB3F237}.Release|Any CPU.ActiveCfg = Release|Any CPU
		{122158B3-0996-4821-A76A-7A253FB3F237}.Release|Any CPU.Build.0 = Release|Any CPU
	EndGlobalSection
	GlobalSection(SolutionProperties) = preSolution
		HideSolutionNode = FALSE
	EndGlobalSection
	GlobalSection(ExtensibilityGlobals) = postSolution
		SolutionGuid = {D5CEE009-AE83-4DA9-B34D-7A1DCE377692}
	EndGlobalSection
EndGlobal
